{
  "pins" : [
    {
      "identity" : "mobilitybox-ticketing-ios",
      "kind" : "remoteSourceControl",
      "location" : "https://github.com/themobilitybox/mobilitybox-ticketing-ios",
      "state" : {
        "revision" : "6120b31f6888bbc0c070156e692989a9a53d3c5f",
        "version" : "1.3.0"
      }
    }
  ],
  "version" : 2
}
