{
  "pins" : [
    {
      "identity" : "mobilitybox-ticketing-ios",
      "kind" : "remoteSourceControl",
      "location" : "https://github.com/themobilitybox/mobilitybox-ticketing-ios",
      "state" : {
        "branch" : "main",
        "revision" : "eb870789d8bae9a75d0086f1e64207942174e9d0"
      }
    }
  ],
  "version" : 2
}
